// !$*UTF8*$!
{
	archiveVersion = 1;
	classes = {
	};
	objectVersion = 50;
	objects = {

/* Begin PBXBuildFile section */
		2B54340224D9128B009FE983 /* AppDelegate.m in Sources */ = {isa = PBXBuildFile; fileRef = 2B54340124D9128B009FE983 /* AppDelegate.m */; };
		2B54340524D9128B009FE983 /* SceneDelegate.m in Sources */ = {isa = PBXBuildFile; fileRef = 2B54340424D9128B009FE983 /* SceneDelegate.m */; };
		2B54340824D9128B009FE983 /* PQQViewController.m in Sources */ = {isa = PBXBuildFile; fileRef = 2B54340724D9128B009FE983 /* PQQViewController.m */; };
		2B54340B24D9128B009FE983 /* Main.storyboard in Resources */ = {isa = PBXBuildFile; fileRef = 2B54340924D9128B009FE983 /* Main.storyboard */; };
		2B54340D24D9128D009FE983 /* Assets.xcassets in Resources */ = {isa = PBXBuildFile; fileRef = 2B54340C24D9128D009FE983 /* Assets.xcassets */; };
		2B54341024D9128D009FE983 /* LaunchScreen.storyboard in Resources */ = {isa = PBXBuildFile; fileRef = 2B54340E24D9128D009FE983 /* LaunchScreen.storyboard */; };
		2B54341324D9128D009FE983 /* main.m in Sources */ = {isa = PBXBuildFile; fileRef = 2B54341224D9128D009FE983 /* main.m */; };
		2B54341D24D9128D009FE983 /* ocDemoTests.m in Sources */ = {isa = PBXBuildFile; fileRef = 2B54341C24D9128D009FE983 /* ocDemoTests.m */; };
		2B54342824D9128D009FE983 /* ocDemoUITests.m in Sources */ = {isa = PBXBuildFile; fileRef = 2B54342724D9128D009FE983 /* ocDemoUITests.m */; };
		2B841A4924D93725006292D6 /* PQQTopBtnView.m in Sources */ = {isa = PBXBuildFile; fileRef = 2B841A4824D93725006292D6 /* PQQTopBtnView.m */; };
		2B8426B724D95A44006292D6 /* PQQMovieView.m in Sources */ = {isa = PBXBuildFile; fileRef = 2B8426B624D95A44006292D6 /* PQQMovieView.m */; };
		2B8426BA24D95B74006292D6 /* PQQActorView.m in Sources */ = {isa = PBXBuildFile; fileRef = 2B8426B924D95B74006292D6 /* PQQActorView.m */; };
		2B8426BF24D9984F006292D6 /* PQQViewModel.m in Sources */ = {isa = PBXBuildFile; fileRef = 2B8426BE24D9984F006292D6 /* PQQViewModel.m */; };
		2B8426C424DBB70A006292D6 /* PQQModel.m in Sources */ = {isa = PBXBuildFile; fileRef = 2B8426C324DBB70A006292D6 /* PQQModel.m */; };
		66D0CE0689FDF3014BF467BE /* libPods-ocDemo.a in Frameworks */ = {isa = PBXBuildFile; fileRef = 8E8ED03FF19154B4A4002144 /* libPods-ocDemo.a */; };
/* End PBXBuildFile section */

/* Begin PBXContainerItemProxy section */
		2B54341924D9128D009FE983 /* PBXContainerItemProxy */ = {
			isa = PBXContainerItemProxy;
			containerPortal = 2B5433F524D9128B009FE983 /* Project object */;
			proxyType = 1;
			remoteGlobalIDString = 2B5433FC24D9128B009FE983;
			remoteInfo = ocDemo;
		};
		2B54342424D9128D009FE983 /* PBXContainerItemProxy */ = {
			isa = PBXContainerItemProxy;
			containerPortal = 2B5433F524D9128B009FE983 /* Project object */;
			proxyType = 1;
			remoteGlobalIDString = 2B5433FC24D9128B009FE983;
			remoteInfo = ocDemo;
		};
/* End PBXContainerItemProxy section */

/* Begin PBXFileReference section */
		1630710D6FA3DA5FB0C68FFC /* Pods-ocDemo.debug.xcconfig */ = {isa = PBXFileReference; includeInIndex = 1; lastKnownFileType = text.xcconfig; name = "Pods-ocDemo.debug.xcconfig"; path = "Target Support Files/Pods-ocDemo/Pods-ocDemo.debug.xcconfig"; sourceTree = "<group>"; };
		2B5433FD24D9128B009FE983 /* ocDemo.app */ = {isa = PBXFileReference; explicitFileType = wrapper.application; includeInIndex = 0; path = ocDemo.app; sourceTree = BUILT_PRODUCTS_DIR; };
		2B54340024D9128B009FE983 /* AppDelegate.h */ = {isa = PBXFileReference; lastKnownFileType = sourcecode.c.h; path = AppDelegate.h; sourceTree = "<group>"; };
		2B54340124D9128B009FE983 /* AppDelegate.m */ = {isa = PBXFileReference; lastKnownFileType = sourcecode.c.objc; path = AppDelegate.m; sourceTree = "<group>"; };
		2B54340324D9128B009FE983 /* SceneDelegate.h */ = {isa = PBXFileReference; lastKnownFileType = sourcecode.c.h; path = SceneDelegate.h; sourceTree = "<group>"; };
		2B54340424D9128B009FE983 /* SceneDelegate.m */ = {isa = PBXFileReference; lastKnownFileType = sourcecode.c.objc; path = SceneDelegate.m; sourceTree = "<group>"; };
		2B54340624D9128B009FE983 /* PQQViewController.h */ = {isa = PBXFileReference; lastKnownFileType = sourcecode.c.h; path = PQQViewController.h; sourceTree = "<group>"; };
		2B54340724D9128B009FE983 /* PQQViewController.m */ = {isa = PBXFileReference; lastKnownFileType = sourcecode.c.objc; path = PQQViewController.m; sourceTree = "<group>"; };
		2B54340A24D9128B009FE983 /* Base */ = {isa = PBXFileReference; lastKnownFileType = file.storyboard; name = Base; path = Base.lproj/Main.storyboard; sourceTree = "<group>"; };
		2B54340C24D9128D009FE983 /* Assets.xcassets */ = {isa = PBXFileReference; lastKnownFileType = folder.assetcatalog; path = Assets.xcassets; sourceTree = "<group>"; };
		2B54340F24D9128D009FE983 /* Base */ = {isa = PBXFileReference; lastKnownFileType = file.storyboard; name = Base; path = Base.lproj/LaunchScreen.storyboard; sourceTree = "<group>"; };
		2B54341124D9128D009FE983 /* Info.plist */ = {isa = PBXFileReference; lastKnownFileType = text.plist.xml; path = Info.plist; sourceTree = "<group>"; };
		2B54341224D9128D009FE983 /* main.m */ = {isa = PBXFileReference; lastKnownFileType = sourcecode.c.objc; path = main.m; sourceTree = "<group>"; };
		2B54341824D9128D009FE983 /* ocDemoTests.xctest */ = {isa = PBXFileReference; explicitFileType = wrapper.cfbundle; includeInIndex = 0; path = ocDemoTests.xctest; sourceTree = BUILT_PRODUCTS_DIR; };
		2B54341C24D9128D009FE983 /* ocDemoTests.m */ = {isa = PBXFileReference; lastKnownFileType = sourcecode.c.objc; path = ocDemoTests.m; sourceTree = "<group>"; };
		2B54341E24D9128D009FE983 /* Info.plist */ = {isa = PBXFileReference; lastKnownFileType = text.plist.xml; path = Info.plist; sourceTree = "<group>"; };
		2B54342324D9128D009FE983 /* ocDemoUITests.xctest */ = {isa = PBXFileReference; explicitFileType = wrapper.cfbundle; includeInIndex = 0; path = ocDemoUITests.xctest; sourceTree = BUILT_PRODUCTS_DIR; };
		2B54342724D9128D009FE983 /* ocDemoUITests.m */ = {isa = PBXFileReference; lastKnownFileType = sourcecode.c.objc; path = ocDemoUITests.m; sourceTree = "<group>"; };
		2B54342924D9128D009FE983 /* Info.plist */ = {isa = PBXFileReference; lastKnownFileType = text.plist.xml; path = Info.plist; sourceTree = "<group>"; };
		2B841A4724D93699006292D6 /* PQQTopBtnView.h */ = {isa = PBXFileReference; lastKnownFileType = sourcecode.c.h; path = PQQTopBtnView.h; sourceTree = "<group>"; };
		2B841A4824D93725006292D6 /* PQQTopBtnView.m */ = {isa = PBXFileReference; lastKnownFileType = sourcecode.c.objc; path = PQQTopBtnView.m; sourceTree = "<group>"; };
		2B8426B524D95A31006292D6 /* PQQMovieView.h */ = {isa = PBXFileReference; lastKnownFileType = sourcecode.c.h; path = PQQMovieView.h; sourceTree = "<group>"; };
		2B8426B624D95A44006292D6 /* PQQMovieView.m */ = {isa = PBXFileReference; lastKnownFileType = sourcecode.c.objc; path = PQQMovieView.m; sourceTree = "<group>"; };
		2B8426B824D95B65006292D6 /* PQQActorView.h */ = {isa = PBXFileReference; lastKnownFileType = sourcecode.c.h; path = PQQActorView.h; sourceTree = "<group>"; };
		2B8426B924D95B74006292D6 /* PQQActorView.m */ = {isa = PBXFileReference; lastKnownFileType = sourcecode.c.objc; path = PQQActorView.m; sourceTree = "<group>"; };
		2B8426BC24D995D0006292D6 /* PQQModel.h */ = {isa = PBXFileReference; lastKnownFileType = sourcecode.c.h; path = PQQModel.h; sourceTree = "<group>"; };
		2B8426BD24D996FA006292D6 /* PQQViewModel.h */ = {isa = PBXFileReference; lastKnownFileType = sourcecode.c.h; path = PQQViewModel.h; sourceTree = "<group>"; };
		2B8426BE24D9984F006292D6 /* PQQViewModel.m */ = {isa = PBXFileReference; lastKnownFileType = sourcecode.c.objc; path = PQQViewModel.m; sourceTree = "<group>"; };
		2B8426C324DBB70A006292D6 /* PQQModel.m */ = {isa = PBXFileReference; lastKnownFileType = sourcecode.c.objc; path = PQQModel.m; sourceTree = "<group>"; };
		37C35623DD64B91A5AC08128 /* Pods-ocDemo.release.xcconfig */ = {isa = PBXFileReference; includeInIndex = 1; lastKnownFileType = text.xcconfig; name = "Pods-ocDemo.release.xcconfig"; path = "Target Support Files/Pods-ocDemo/Pods-ocDemo.release.xcconfig"; sourceTree = "<group>"; };
		8E8ED03FF19154B4A4002144 /* libPods-ocDemo.a */ = {isa = PBXFileReference; explicitFileType = archive.ar; includeInIndex = 0; path = "libPods-ocDemo.a"; sourceTree = BUILT_PRODUCTS_DIR; };
/* End PBXFileReference section */

/* Begin PBXFrameworksBuildPhase section */
		2B5433FA24D9128B009FE983 /* Frameworks */ = {
			isa = PBXFrameworksBuildPhase;
			buildActionMask = 2147483647;
			files = (
				66D0CE0689FDF3014BF467BE /* libPods-ocDemo.a in Frameworks */,
			);
			runOnlyForDeploymentPostprocessing = 0;
		};
		2B54341524D9128D009FE983 /* Frameworks */ = {
			isa = PBXFrameworksBuildPhase;
			buildActionMask = 2147483647;
			files = (
			);
			runOnlyForDeploymentPostprocessing = 0;
		};
		2B54342024D9128D009FE983 /* Frameworks */ = {
			isa = PBXFrameworksBuildPhase;
			buildActionMask = 2147483647;
			files = (
			);
			runOnlyForDeploymentPostprocessing = 0;
		};
/* End PBXFrameworksBuildPhase section */

/* Begin PBXGroup section */
		2B5433F424D9128B009FE983 = {
			isa = PBXGroup;
			children = (
				2B5433FF24D9128B009FE983 /* ocDemo */,
				2B54341B24D9128D009FE983 /* ocDemoTests */,
				2B54342624D9128D009FE983 /* ocDemoUITests */,
				2B5433FE24D9128B009FE983 /* Products */,
				F4F8776FA941072195FF2647 /* Pods */,
				B4C03DD3423C21D6A5CD5A50 /* Frameworks */,
			);
			sourceTree = "<group>";
		};
		2B5433FE24D9128B009FE983 /* Products */ = {
			isa = PBXGroup;
			children = (
				2B5433FD24D9128B009FE983 /* ocDemo.app */,
				2B54341824D9128D009FE983 /* ocDemoTests.xctest */,
				2B54342324D9128D009FE983 /* ocDemoUITests.xctest */,
			);
			name = Products;
			sourceTree = "<group>";
		};
		2B5433FF24D9128B009FE983 /* ocDemo */ = {
			isa = PBXGroup;
			children = (
				2B8426BB24D99599006292D6 /* Model */,
				2B54343624D93629009FE983 /* View */,
				2B54343524D93618009FE983 /* VC */,
				2B54340024D9128B009FE983 /* AppDelegate.h */,
				2B54340124D9128B009FE983 /* AppDelegate.m */,
				2B54340324D9128B009FE983 /* SceneDelegate.h */,
				2B54340424D9128B009FE983 /* SceneDelegate.m */,
				2B54340924D9128B009FE983 /* Main.storyboard */,
				2B54340C24D9128D009FE983 /* Assets.xcassets */,
				2B54340E24D9128D009FE983 /* LaunchScreen.storyboard */,
				2B54341124D9128D009FE983 /* Info.plist */,
				2B54341224D9128D009FE983 /* main.m */,
			);
			path = ocDemo;
			sourceTree = "<group>";
		};
		2B54341B24D9128D009FE983 /* ocDemoTests */ = {
			isa = PBXGroup;
			children = (
				2B54341C24D9128D009FE983 /* ocDemoTests.m */,
				2B54341E24D9128D009FE983 /* Info.plist */,
			);
			path = ocDemoTests;
			sourceTree = "<group>";
		};
		2B54342624D9128D009FE983 /* ocDemoUITests */ = {
			isa = PBXGroup;
			children = (
				2B54342724D9128D009FE983 /* ocDemoUITests.m */,
				2B54342924D9128D009FE983 /* Info.plist */,
			);
			path = ocDemoUITests;
			sourceTree = "<group>";
		};
		2B54343524D93618009FE983 /* VC */ = {
			isa = PBXGroup;
			children = (
				2B54340624D9128B009FE983 /* PQQViewController.h */,
				2B54340724D9128B009FE983 /* PQQViewController.m */,
			);
			path = VC;
			sourceTree = "<group>";
		};
		2B54343624D93629009FE983 /* View */ = {
			isa = PBXGroup;
			children = (
				2B841A4724D93699006292D6 /* PQQTopBtnView.h */,
				2B841A4824D93725006292D6 /* PQQTopBtnView.m */,
				2B8426B524D95A31006292D6 /* PQQMovieView.h */,
				2B8426B624D95A44006292D6 /* PQQMovieView.m */,
				2B8426B924D95B74006292D6 /* PQQActorView.m */,
				2B8426B824D95B65006292D6 /* PQQActorView.h */,
			);
			path = View;
			sourceTree = "<group>";
		};
		2B8426BB24D99599006292D6 /* Model */ = {
			isa = PBXGroup;
			children = (
				2B8426BC24D995D0006292D6 /* PQQModel.h */,
				2B8426BD24D996FA006292D6 /* PQQViewModel.h */,
				2B8426BE24D9984F006292D6 /* PQQViewModel.m */,
				2B8426C324DBB70A006292D6 /* PQQModel.m */,
			);
			path = Model;
			sourceTree = "<group>";
		};
		B4C03DD3423C21D6A5CD5A50 /* Frameworks */ = {
			isa = PBXGroup;
			children = (
				8E8ED03FF19154B4A4002144 /* libPods-ocDemo.a */,
			);
			name = Frameworks;
			sourceTree = "<group>";
		};
		F4F8776FA941072195FF2647 /* Pods */ = {
			isa = PBXGroup;
			children = (
				1630710D6FA3DA5FB0C68FFC /* Pods-ocDemo.debug.xcconfig */,
				37C35623DD64B91A5AC08128 /* Pods-ocDemo.release.xcconfig */,
			);
			name = Pods;
			path = Pods;
			sourceTree = "<group>";
		};
/* End PBXGroup section */

/* Begin PBXNativeTarget section */
		2B5433FC24D9128B009FE983 /* ocDemo */ = {
			isa = PBXNativeTarget;
			buildConfigurationList = 2B54342C24D9128D009FE983 /* Build configuration list for PBXNativeTarget "ocDemo" */;
			buildPhases = (
				EBDB09AC9621533D49691C2C /* [CP] Check Pods Manifest.lock */,
				2B5433F924D9128B009FE983 /* Sources */,
				2B5433FA24D9128B009FE983 /* Frameworks */,
				2B5433FB24D9128B009FE983 /* Resources */,
			);
			buildRules = (
			);
			dependencies = (
			);
			name = ocDemo;
			productName = ocDemo;
			productReference = 2B5433FD24D9128B009FE983 /* ocDemo.app */;
			productType = "com.apple.product-type.application";
		};
		2B54341724D9128D009FE983 /* ocDemoTests */ = {
			isa = PBXNativeTarget;
			buildConfigurationList = 2B54342F24D9128D009FE983 /* Build configuration list for PBXNativeTarget "ocDemoTests" */;
			buildPhases = (
				2B54341424D9128D009FE983 /* Sources */,
				2B54341524D9128D009FE983 /* Frameworks */,
				2B54341624D9128D009FE983 /* Resources */,
			);
			buildRules = (
			);
			dependencies = (
				2B54341A24D9128D009FE983 /* PBXTargetDependency */,
			);
			name = ocDemoTests;
			productName = ocDemoTests;
			productReference = 2B54341824D9128D009FE983 /* ocDemoTests.xctest */;
			productType = "com.apple.product-type.bundle.unit-test";
		};
		2B54342224D9128D009FE983 /* ocDemoUITests */ = {
			isa = PBXNativeTarget;
			buildConfigurationList = 2B54343224D9128D009FE983 /* Build configuration list for PBXNativeTarget "ocDemoUITests" */;
			buildPhases = (
				2B54341F24D9128D009FE983 /* Sources */,
				2B54342024D9128D009FE983 /* Frameworks */,
				2B54342124D9128D009FE983 /* Resources */,
			);
			buildRules = (
			);
			dependencies = (
				2B54342524D9128D009FE983 /* PBXTargetDependency */,
			);
			name = ocDemoUITests;
			productName = ocDemoUITests;
			productReference = 2B54342324D9128D009FE983 /* ocDemoUITests.xctest */;
			productType = "com.apple.product-type.bundle.ui-testing";
		};
/* End PBXNativeTarget section */

/* Begin PBXProject section */
		2B5433F524D9128B009FE983 /* Project object */ = {
			isa = PBXProject;
			attributes = {
				LastUpgradeCheck = 1160;
				ORGANIZATIONNAME = catnip;
				TargetAttributes = {
					2B5433FC24D9128B009FE983 = {
						CreatedOnToolsVersion = 11.6;
					};
					2B54341724D9128D009FE983 = {
						CreatedOnToolsVersion = 11.6;
						TestTargetID = 2B5433FC24D9128B009FE983;
					};
					2B54342224D9128D009FE983 = {
						CreatedOnToolsVersion = 11.6;
						TestTargetID = 2B5433FC24D9128B009FE983;
					};
				};
			};
			buildConfigurationList = 2B5433F824D9128B009FE983 /* Build configuration list for PBXProject "ocDemo" */;
			compatibilityVersion = "Xcode 9.3";
			developmentRegion = en;
			hasScannedForEncodings = 0;
			knownRegions = (
				en,
				Base,
			);
			mainGroup = 2B5433F424D9128B009FE983;
			productRefGroup = 2B5433FE24D9128B009FE983 /* Products */;
			projectDirPath = "";
			projectRoot = "";
			targets = (
				2B5433FC24D9128B009FE983 /* ocDemo */,
				2B54341724D9128D009FE983 /* ocDemoTests */,
				2B54342224D9128D009FE983 /* ocDemoUITests */,
			);
		};
/* End PBXProject section */

/* Begin PBXResourcesBuildPhase section */
		2B5433FB24D9128B009FE983 /* Resources */ = {
			isa = PBXResourcesBuildPhase;
			buildActionMask = 2147483647;
			files = (
				2B54341024D9128D009FE983 /* LaunchScreen.storyboard in Resources */,
				2B54340D24D9128D009FE983 /* Assets.xcassets in Resources */,
				2B54340B24D9128B009FE983 /* Main.storyboard in Resources */,
			);
			runOnlyForDeploymentPostprocessing = 0;
		};
		2B54341624D9128D009FE983 /* Resources */ = {
			isa = PBXResourcesBuildPhase;
			buildActionMask = 2147483647;
			files = (
			);
			runOnlyForDeploymentPostprocessing = 0;
		};
		2B54342124D9128D009FE983 /* Resources */ = {
			isa = PBXResourcesBuildPhase;
			buildActionMask = 2147483647;
			files = (
			);
			runOnlyForDeploymentPostprocessing = 0;
		};
/* End PBXResourcesBuildPhase section */

/* Begin PBXShellScriptBuildPhase section */
		EBDB09AC9621533D49691C2C /* [CP] Check Pods Manifest.lock */ = {
			isa = PBXShellScriptBuildPhase;
			buildActionMask = 2147483647;
			files = (
			);
			inputFileListPaths = (
			);
			inputPaths = (
				"${PODS_PODFILE_DIR_PATH}/Podfile.lock",
				"${PODS_ROOT}/Manifest.lock",
			);
			name = "[CP] Check Pods Manifest.lock";
			outputFileListPaths = (
			);
			outputPaths = (
				"$(DERIVED_FILE_DIR)/Pods-ocDemo-checkManifestLockResult.txt",
			);
			runOnlyForDeploymentPostprocessing = 0;
			shellPath = /bin/sh;
			shellScript = "diff \"${PODS_PODFILE_DIR_PATH}/Podfile.lock\" \"${PODS_ROOT}/Manifest.lock\" > /dev/null\nif [ $? != 0 ] ; then\n    # print error to STDERR\n    echo \"error: The sandbox is not in sync with the Podfile.lock. Run 'pod install' or update your CocoaPods installation.\" >&2\n    exit 1\nfi\n# This output is used by Xcode 'outputs' to avoid re-running this script phase.\necho \"SUCCESS\" > \"${SCRIPT_OUTPUT_FILE_0}\"\n";
			showEnvVarsInLog = 0;
		};
/* End PBXShellScriptBuildPhase section */

/* Begin PBXSourcesBuildPhase section */
		2B5433F924D9128B009FE983 /* Sources */ = {
			isa = PBXSourcesBuildPhase;
			buildActionMask = 2147483647;
			files = (
				2B54340824D9128B009FE983 /* PQQViewController.m in Sources */,
				2B8426BA24D95B74006292D6 /* PQQActorView.m in Sources */,
				2B8426BF24D9984F006292D6 /* PQQViewModel.m in Sources */,
				2B8426C424DBB70A006292D6 /* PQQModel.m in Sources */,
				2B54340224D9128B009FE983 /* AppDelegate.m in Sources */,
				2B54341324D9128D009FE983 /* main.m in Sources */,
				2B8426B724D95A44006292D6 /* PQQMovieView.m in Sources */,
				2B841A4924D93725006292D6 /* PQQTopBtnView.m in Sources */,
				2B54340524D9128B009FE983 /* SceneDelegate.m in Sources */,
			);
			runOnlyForDeploymentPostprocessing = 0;
		};
		2B54341424D9128D009FE983 /* Sources */ = {
			isa = PBXSourcesBuildPhase;
			buildActionMask = 2147483647;
			files = (
				2B54341D24D9128D009FE983 /* ocDemoTests.m in Sources */,
			);
			runOnlyForDeploymentPostprocessing = 0;
		};
		2B54341F24D9128D009FE983 /* Sources */ = {
			isa = PBXSourcesBuildPhase;
			buildActionMask = 2147483647;
			files = (
				2B54342824D9128D009FE983 /* ocDemoUITests.m in Sources */,
			);
			runOnlyForDeploymentPostprocessing = 0;
		};
/* End PBXSourcesBuildPhase section */

/* Begin PBXTargetDependency section */
		2B54341A24D9128D009FE983 /* PBXTargetDependency */ = {
			isa = PBXTargetDependency;
			target = 2B5433FC24D9128B009FE983 /* ocDemo */;
			targetProxy = 2B54341924D9128D009FE983 /* PBXContainerItemProxy */;
		};
		2B54342524D9128D009FE983 /* PBXTargetDependency */ = {
			isa = PBXTargetDependency;
			target = 2B5433FC24D9128B009FE983 /* ocDemo */;
			targetProxy = 2B54342424D9128D009FE983 /* PBXContainerItemProxy */;
		};
/* End PBXTargetDependency section */

/* Begin PBXVariantGroup section */
		2B54340924D9128B009FE983 /* Main.storyboard */ = {
			isa = PBXVariantGroup;
			children = (
				2B54340A24D9128B009FE983 /* Base */,
			);
			name = Main.storyboard;
			sourceTree = "<group>";
		};
		2B54340E24D9128D009FE983 /* LaunchScreen.storyboard */ = {
			isa = PBXVariantGroup;
			children = (
				2B54340F24D9128D009FE983 /* Base */,
			);
			name = LaunchScreen.storyboard;
			sourceTree = "<group>";
		};
/* End PBXVariantGroup section */

/* Begin XCBuildConfiguration section */
		2B54342A24D9128D009FE983 /* Debug */ = {
			isa = XCBuildConfiguration;
			buildSettings = {
				ALWAYS_SEARCH_USER_PATHS = NO;
				CLANG_ANALYZER_NONNULL = YES;
				CLANG_ANALYZER_NUMBER_OBJECT_CONVERSION = YES_AGGRESSIVE;
				CLANG_CXX_LANGUAGE_STANDARD = "gnu++14";
				CLANG_CXX_LIBRARY = "libc++";
				CLANG_ENABLE_MODULES = YES;
				CLANG_ENABLE_OBJC_ARC = YES;
				CLANG_ENABLE_OBJC_WEAK = YES;
				CLANG_WARN_BLOCK_CAPTURE_AUTORELEASING = YES;
				CLANG_WARN_BOOL_CONVERSION = YES;
				CLANG_WARN_COMMA = YES;
				CLANG_WARN_CONSTANT_CONVERSION = YES;
				CLANG_WARN_DEPRECATED_OBJC_IMPLEMENTATIONS = YES;
				CLANG_WARN_DIRECT_OBJC_ISA_USAGE = YES_ERROR;
				CLANG_WARN_DOCUMENTATION_COMMENTS = YES;
				CLANG_WARN_EMPTY_BODY = YES;
				CLANG_WARN_ENUM_CONVERSION = YES;
				CLANG_WARN_INFINITE_RECURSION = YES;
				CLANG_WARN_INT_CONVERSION = YES;
				CLANG_WARN_NON_LITERAL_NULL_CONVERSION = YES;
				CLANG_WARN_OBJC_IMPLICIT_RETAIN_SELF = YES;
				CLANG_WARN_OBJC_LITERAL_CONVERSION = YES;
				CLANG_WARN_OBJC_ROOT_CLASS = YES_ERROR;
				CLANG_WARN_RANGE_LOOP_ANALYSIS = YES;
				CLANG_WARN_STRICT_PROTOTYPES = YES;
				CLANG_WARN_SUSPICIOUS_MOVE = YES;
				CLANG_WARN_UNGUARDED_AVAILABILITY = YES_AGGRESSIVE;
				CLANG_WARN_UNREACHABLE_CODE = YES;
				CLANG_WARN__DUPLICATE_METHOD_MATCH = YES;
				COPY_PHASE_STRIP = NO;
				DEBUG_INFORMATION_FORMAT = dwarf;
				ENABLE_STRICT_OBJC_MSGSEND = YES;
				ENABLE_TESTABILITY = YES;
				GCC_C_LANGUAGE_STANDARD = gnu11;
				GCC_DYNAMIC_NO_PIC = NO;
				GCC_NO_COMMON_BLOCKS = YES;
				GCC_OPTIMIZATION_LEVEL = 0;
				GCC_PREPROCESSOR_DEFINITIONS = (
					"DEBUG=1",
					"$(inherited)",
				);
				GCC_WARN_64_TO_32_BIT_CONVERSION = YES;
				GCC_WARN_ABOUT_RETURN_TYPE = YES_ERROR;
				GCC_WARN_UNDECLARED_SELECTOR = YES;
				GCC_WARN_UNINITIALIZED_AUTOS = YES_AGGRESSIVE;
				GCC_WARN_UNUSED_FUNCTION = YES;
				GCC_WARN_UNUSED_VARIABLE = YES;
				IPHONEOS_DEPLOYMENT_TARGET = 13.6;
				MTL_ENABLE_DEBUG_INFO = INCLUDE_SOURCE;
				MTL_FAST_MATH = YES;
				ONLY_ACTIVE_ARCH = YES;
				SDKROOT = iphoneos;
			};
			name = Debug;
		};
		2B54342B24D9128D009FE983 /* Release */ = {
			isa = XCBuildConfiguration;
			buildSettings = {
				ALWAYS_SEARCH_USER_PATHS = NO;
				CLANG_ANALYZER_NONNULL = YES;
				CLANG_ANALYZER_NUMBER_OBJECT_CONVERSION = YES_AGGRESSIVE;
				CLANG_CXX_LANGUAGE_STANDARD = "gnu++14";
				CLANG_CXX_LIBRARY = "libc++";
				CLANG_ENABLE_MODULES = YES;
				CLANG_ENABLE_OBJC_ARC = YES;
				CLANG_ENABLE_OBJC_WEAK = YES;
				CLANG_WARN_BLOCK_CAPTURE_AUTORELEASING = YES;
				CLANG_WARN_BOOL_CONVERSION = YES;
				CLANG_WARN_COMMA = YES;
				CLANG_WARN_CONSTANT_CONVERSION = YES;
				CLANG_WARN_DEPRECATED_OBJC_IMPLEMENTATIONS = YES;
				CLANG_WARN_DIRECT_OBJC_ISA_USAGE = YES_ERROR;
				CLANG_WARN_DOCUMENTATION_COMMENTS = YES;
				CLANG_WARN_EMPTY_BODY = YES;
				CLANG_WARN_ENUM_CONVERSION = YES;
				CLANG_WARN_INFINITE_RECURSION = YES;
				CLANG_WARN_INT_CONVERSION = YES;
				CLANG_WARN_NON_LITERAL_NULL_CONVERSION = YES;
				CLANG_WARN_OBJC_IMPLICIT_RETAIN_SELF = YES;
				CLANG_WARN_OBJC_LITERAL_CONVERSION = YES;
				CLANG_WARN_OBJC_ROOT_CLASS = YES_ERROR;
				CLANG_WARN_RANGE_LOOP_ANALYSIS = YES;
				CLANG_WARN_STRICT_PROTOTYPES = YES;
				CLANG_WARN_SUSPICIOUS_MOVE = YES;
				CLANG_WARN_UNGUARDED_AVAILABILITY = YES_AGGRESSIVE;
				CLANG_WARN_UNREACHABLE_CODE = YES;
				CLANG_WARN__DUPLICATE_METHOD_MATCH = YES;
				COPY_PHASE_STRIP = NO;
				DEBUG_INFORMATION_FORMAT = "dwarf-with-dsym";
				ENABLE_NS_ASSERTIONS = NO;
				ENABLE_STRICT_OBJC_MSGSEND = YES;
				GCC_C_LANGUAGE_STANDARD = gnu11;
				GCC_NO_COMMON_BLOCKS = YES;
				GCC_WARN_64_TO_32_BIT_CONVERSION = YES;
				GCC_WARN_ABOUT_RETURN_TYPE = YES_ERROR;
				GCC_WARN_UNDECLARED_SELECTOR = YES;
				GCC_WARN_UNINITIALIZED_AUTOS = YES_AGGRESSIVE;
				GCC_WARN_UNUSED_FUNCTION = YES;
				GCC_WARN_UNUSED_VARIABLE = YES;
				IPHONEOS_DEPLOYMENT_TARGET = 13.6;
				MTL_ENABLE_DEBUG_INFO = NO;
				MTL_FAST_MATH = YES;
				SDKROOT = iphoneos;
				VALIDATE_PRODUCT = YES;
			};
			name = Release;
		};
		2B54342D24D9128D009FE983 /* Debug */ = {
			isa = XCBuildConfiguration;
			baseConfigurationReference = 1630710D6FA3DA5FB0C68FFC /* Pods-ocDemo.debug.xcconfig */;
			buildSettings = {
				ASSETCATALOG_COMPILER_APPICON_NAME = AppIcon;
				CODE_SIGN_STYLE = Automatic;
				INFOPLIST_FILE = ocDemo/Info.plist;
				LD_RUNPATH_SEARCH_PATHS = (
					"$(inherited)",
					"@executable_path/Frameworks",
				);
				PRODUCT_BUNDLE_IDENTIFIER = catnip.ocDemo;
				PRODUCT_NAME = "$(TARGET_NAME)";
				TARGETED_DEVICE_FAMILY = "1,2";
			};
			name = Debug;
		};
		2B54342E24D9128D009FE983 /* Release */ = {
			isa = XCBuildConfiguration;
			baseConfigurationReference = 37C35623DD64B91A5AC08128 /* Pods-ocDemo.release.xcconfig */;
			buildSettings = {
				ASSETCATALOG_COMPILER_APPICON_NAME = AppIcon;
				CODE_SIGN_STYLE = Automatic;
				INFOPLIST_FILE = ocDemo/Info.plist;
				LD_RUNPATH_SEARCH_PATHS = (
					"$(inherited)",
					"@executable_path/Frameworks",
				);
				PRODUCT_BUNDLE_IDENTIFIER = catnip.ocDemo;
				PRODUCT_NAME = "$(TARGET_NAME)";
				TARGETED_DEVICE_FAMILY = "1,2";
			};
			name = Release;
		};
		2B54343024D9128D009FE983 /* Debug */ = {
			isa = XCBuildConfiguration;
			buildSettings = {
				BUNDLE_LOADER = "$(TEST_HOST)";
				CODE_SIGN_STYLE = Automatic;
				INFOPLIST_FILE = ocDemoTests/Info.plist;
				IPHONEOS_DEPLOYMENT_TARGET = 13.6;
				LD_RUNPATH_SEARCH_PATHS = (
					"$(inherited)",
					"@executable_path/Frameworks",
					"@loader_path/Frameworks",
				);
				PRODUCT_BUNDLE_IDENTIFIER = catnip.ocDemoTests;
				PRODUCT_NAME = "$(TARGET_NAME)";
				TARGETED_DEVICE_FAMILY = "1,2";
				TEST_HOST = "$(BUILT_PRODUCTS_DIR)/ocDemo.app/ocDemo";
			};
			name = Debug;
		};
		2B54343124D9128D009FE983 /* Release */ = {
			isa = XCBuildConfiguration;
			buildSettings = {
				BUNDLE_LOADER = "$(TEST_HOST)";
				CODE_SIGN_STYLE = Automatic;
				INFOPLIST_FILE = ocDemoTests/Info.plist;
				IPHONEOS_DEPLOYMENT_TARGET = 13.6;
				LD_RUNPATH_SEARCH_PATHS = (
					"$(inherited)",
					"@executable_path/Frameworks",
					"@loader_path/Frameworks",
				);
				PRODUCT_BUNDLE_IDENTIFIER = catnip.ocDemoTests;
				PRODUCT_NAME = "$(TARGET_NAME)";
				TARGETED_DEVICE_FAMILY = "1,2";
				TEST_HOST = "$(BUILT_PRODUCTS_DIR)/ocDemo.app/ocDemo";
			};
			name = Release;
		};
		2B54343324D9128D009FE983 /* Debug */ = {
			isa = XCBuildConfiguration;
			buildSettings = {
				CODE_SIGN_STYLE = Automatic;
				INFOPLIST_FILE = ocDemoUITests/Info.plist;
				LD_RUNPATH_SEARCH_PATHS = (
					"$(inherited)",
					"@executable_path/Frameworks",
					"@loader_path/Frameworks",
				);
				PRODUCT_BUNDLE_IDENTIFIER = catnip.ocDemoUITests;
				PRODUCT_NAME = "$(TARGET_NAME)";
				TARGETED_DEVICE_FAMILY = "1,2";
				TEST_TARGET_NAME = ocDemo;
			};
			name = Debug;
		};
		2B54343424D9128D009FE983 /* Release */ = {
			isa = XCBuildConfiguration;
			buildSettings = {
				CODE_SIGN_STYLE = Automatic;
				INFOPLIST_FILE = ocDemoUITests/Info.plist;
				LD_RUNPATH_SEARCH_PATHS = (
					"$(inherited)",
					"@executable_path/Frameworks",
					"@loader_path/Frameworks",
				);
				PRODUCT_BUNDLE_IDENTIFIER = catnip.ocDemoUITests;
				PRODUCT_NAME = "$(TARGET_NAME)";
				TARGETED_DEVICE_FAMILY = "1,2";
				TEST_TARGET_NAME = ocDemo;
			};
			name = Release;
		};
/* End XCBuildConfiguration section */

/* Begin XCConfigurationList section */
		2B5433F824D9128B009FE983 /* Build configuration list for PBXProject "ocDemo" */ = {
			isa = XCConfigurationList;
			buildConfigurations = (
				2B54342A24D9128D009FE983 /* Debug */,
				2B54342B24D9128D009FE983 /* Release */,
			);
			defaultConfigurationIsVisible = 0;
			defaultConfigurationName = Release;
		};
		2B54342C24D9128D009FE983 /* Build configuration list for PBXNativeTarget "ocDemo" */ = {
			isa = XCConfigurationList;
			buildConfigurations = (
				2B54342D24D9128D009FE983 /* Debug */,
				2B54342E24D9128D009FE983 /* Release */,
			);
			defaultConfigurationIsVisible = 0;
			defaultConfigurationName = Release;
		};
		2B54342F24D9128D009FE983 /* Build configuration list for PBXNativeTarget "ocDemoTests" */ = {
			isa = XCConfigurationList;
			buildConfigurations = (
				2B54343024D9128D009FE983 /* Debug */,
				2B54343124D9128D009FE983 /* Release */,
			);
			defaultConfigurationIsVisible = 0;
			defaultConfigurationName = Release;
		};
		2B54343224D9128D009FE983 /* Build configuration list for PBXNativeTarget "ocDemoUITests" */ = {
			isa = XCConfigurationList;
			buildConfigurations = (
				2B54343324D9128D009FE983 /* Debug */,
				2B54343424D9128D009FE983 /* Release */,
			);
			defaultConfigurationIsVisible = 0;
			defaultConfigurationName = Release;
		};
/* End XCConfigurationList section */
	};
	rootObject = 2B5433F524D9128B009FE983 /* Project object */;
}
